{
  "requires": true,
  "lockfileVersion": 1,
  "dependencies": {
    "easyqrcodejs": {
      "version": "3.5.4",
      "resolved": "https://registry.npmjs.org/easyqrcodejs/-/easyqrcodejs-3.5.4.tgz",
      "integrity": "sha512-e2M6YkU5ZibiwyTkqsV5Hw77BBj/yj2Xb9ELzaL2biIGkAgeXY1NuPiLz5E5gKlNZUkKYfCA7gNil7NoS+3cqQ=="
    }
  }
}
